
Microsoft Visual Studio Solution File, Format Version 12.00
# Visual Studio Version 16
VisualStudioVersion = 16.0.31112.23
MinimumVisualStudioVersion = 10.0.40219.1
Project("{FAE04EC0-301F-11D3-BF4B-00C04F79EFBC}") = "InterfataUtilizator_Consola", "InterfataUtilizator_Consola\InterfataUtilizator_Consola.csproj", "{BF9C4ACE-8EAE-4B9B-92A0-CD66FE2BC6DC}"
EndProject
Project("{FAE04EC0-301F-11D3-BF4B-00C04F79EFBC}") = "LibrarieModele", "LibrarieModele\LibrarieModele.csproj", "{CE92ED3C-B48C-4310-9A2E-DEA0CDAC07B5}"
EndProject
Project("{FAE04EC0-301F-11D3-BF4B-00C04F79EFBC}") = "NivelAccesDate", "NivelAccesDate\NivelAccesDate.csproj", "{ABB21EF4-E9D1-486C-808C-496CB2932BCF}"
EndProject
Project("{FAE04EC0-301F-11D3-BF4B-00C04F79EFBC}") = "InterfataUtilizator_WindowsForms", "InterfataUtilizator_WindowsForms\InterfataUtilizator_WindowsForms.csproj", "{E1983665-3E17-4E32-B583-8024C3DC0EE5}"
EndProject
Global
	GlobalSection(SolutionConfigurationPlatforms) = preSolution
		Debug|Any CPU = Debug|Any CPU
		Release|Any CPU = Release|Any CPU
	EndGlobalSection
	GlobalSection(ProjectConfigurationPlatforms) = postSolution
		{BF9C4ACE-8EAE-4B9B-92A0-CD66FE2BC6DC}.Debug|Any CPU.ActiveCfg = Debug|Any CPU
		{BF9C4ACE-8EAE-4B9B-92A0-CD66FE2BC6DC}.Debug|Any CPU.Build.0 = Debug|Any CPU
		{BF9C4ACE-8EAE-4B9B-92A0-CD66FE2BC6DC}.Release|Any CPU.ActiveCfg = Release|Any CPU
		{BF9C4ACE-8EAE-4B9B-92A0-CD66FE2BC6DC}.Release|Any CPU.Build.0 = Release|Any CPU
		{CE92ED3C-B48C-4310-9A2E-DEA0CDAC07B5}.Debug|Any CPU.ActiveCfg = Debug|Any CPU
		{CE92ED3C-B48C-4310-9A2E-DEA0CDAC07B5}.Debug|Any CPU.Build.0 = Debug|Any CPU
		{CE92ED3C-B48C-4310-9A2E-DEA0CDAC07B5}.Release|Any CPU.ActiveCfg = Release|Any CPU
		{CE92ED3C-B48C-4310-9A2E-DEA0CDAC07B5}.Release|Any CPU.Build.0 = Release|Any CPU
		{ABB21EF4-E9D1-486C-808C-496CB2932BCF}.Debug|Any CPU.ActiveCfg = Debug|Any CPU
		{ABB21EF4-E9D1-486C-808C-496CB2932BCF}.Debug|Any CPU.Build.0 = Debug|Any CPU
		{ABB21EF4-E9D1-486C-808C-496CB2932BCF}.Release|Any CPU.ActiveCfg = Release|Any CPU
		{ABB21EF4-E9D1-486C-808C-496CB2932BCF}.Release|Any CPU.Build.0 = Release|Any CPU
		{E1983665-3E17-4E32-B583-8024C3DC0EE5}.Debug|Any CPU.ActiveCfg = Debug|Any CPU
		{E1983665-3E17-4E32-B583-8024C3DC0EE5}.Debug|Any CPU.Build.0 = Debug|Any CPU
		{E1983665-3E17-4E32-B583-8024C3DC0EE5}.Release|Any CPU.ActiveCfg = Release|Any CPU
		{E1983665-3E17-4E32-B583-8024C3DC0EE5}.Release|Any CPU.Build.0 = Release|Any CPU
	EndGlobalSection
	GlobalSection(SolutionProperties) = preSolution
		HideSolutionNode = FALSE
	EndGlobalSection
	GlobalSection(ExtensibilityGlobals) = postSolution
		SolutionGuid = {79AECB81-0EA5-4797-9ACF-472242FD7369}
	EndGlobalSection
EndGlobal
